
Microsoft Visual Studio Solution File, Format Version 12.00
# Visual Studio Version 17
VisualStudioVersion = 17.9.34701.34
MinimumVisualStudioVersion = 10.0.40219.1
Project("{F184B08F-C81C-45F6-A57F-5ABD9991F28F}") = "ConsoleApp5", "ConsoleApp5\ConsoleApp5.vbproj", "{084EA324-1960-41FA-9CAC-A703E13273EF}"
EndProject
Global
	GlobalSection(SolutionConfigurationPlatforms) = preSolution
		Debug|Any CPU = Debug|Any CPU
		Release|Any CPU = Release|Any CPU
	EndGlobalSection
	GlobalSection(ProjectConfigurationPlatforms) = postSolution
		{084EA324-1960-41FA-9CAC-A703E13273EF}.Debug|Any CPU.ActiveCfg = Debug|Any CPU
		{084EA324-1960-41FA-9CAC-A703E13273EF}.Debug|Any CPU.Build.0 = Debug|Any CPU
		{084EA324-1960-41FA-9CAC-A703E13273EF}.Release|Any CPU.ActiveCfg = Release|Any CPU
		{084EA324-1960-41FA-9CAC-A703E13273EF}.Release|Any CPU.Build.0 = Release|Any CPU
	EndGlobalSection
	GlobalSection(SolutionProperties) = preSolution
		HideSolutionNode = FALSE
	EndGlobalSection
	GlobalSection(ExtensibilityGlobals) = postSolution
		SolutionGuid = {E28AF95B-16E1-4E61-8899-63E42B75DF69}
	EndGlobalSection
EndGlobal
